PODS:
  - DACircularProgress (2.3.1)
  - MapleBacon (2.0.8)
  - MBProgressHUD (0.9.2)
  - MWPhotoBrowserSwift (0.1.0):
    - DACircularProgress (~> 2.3)
    - MapleBacon (~> 2.0)
    - MBProgressHUD (~> 0.9)
  - SwiftyJSON (2.3.2)

DEPENDENCIES:
  - MWPhotoBrowserSwift (from `https://github.com/tapz/MWPhotoBrowserSwift`)
  - SwiftyJSON (from `https://github.com/SwiftyJSON/SwiftyJSON.git`)

EXTERNAL SOURCES:
  MWPhotoBrowserSwift:
    :git: https://github.com/tapz/MWPhotoBrowserSwift
  SwiftyJSON:
    :git: https://github.com/SwiftyJSON/SwiftyJSON.git

CHECKOUT OPTIONS:
  MWPhotoBrowserSwift:
    :commit: 787a12ae54f932b022d1206d035a67205a72a6e6
    :git: https://github.com/tapz/MWPhotoBrowserSwift
  SwiftyJSON:
    :commit: 2a5b70f06001316d4fb54501edc70b4084705da0
    :git: https://github.com/SwiftyJSON/SwiftyJSON.git

SPEC CHECKSUMS:
  DACircularProgress: 4dd437c0fc3da5161cb289e07ac449493d41db71
  MapleBacon: 32e3590e1730485b93f450283ff242f9444efc12
  MBProgressHUD: 1569cf7ace17a8bac47aabfbb8580a49690386d1
  MWPhotoBrowserSwift: 5a248f0cd29fa7f6105477c33d5bb152e409cf26
  SwiftyJSON: 04ccea08915aa0109039157c7974cf0298da292a

COCOAPODS: 0.39.0
