// !$*UTF8*$!
{
	archiveVersion = 1;
	classes = {
	};
	objectVersion = 46;
	objects = {

/* Begin PBXBuildFile section */
		35622F715D8B2897F6D32FAC /* Pods_Image_Share.framework in Frameworks */ = {isa = PBXBuildFile; fileRef = 2B5B92BB9103198DF306CE2B /* Pods_Image_Share.framework */; };
		E405F4901D18F25900F644C4 /* mainPage.swift in Sources */ = {isa = PBXBuildFile; fileRef = E405F48F1D18F25900F644C4 /* mainPage.swift */; };
		E418F2D91D0614DF00E84CB2 /* AccountInfo.swift in Sources */ = {isa = PBXBuildFile; fileRef = E418F2D81D0614DF00E84CB2 /* AccountInfo.swift */; };
		E41986DF1D19D5C400D78E46 /* user-512.png in Resources */ = {isa = PBXBuildFile; fileRef = E41986DE1D19D5C400D78E46 /* user-512.png */; };
		E4248A591D01E13E000FE19A /* ForgotPass.swift in Sources */ = {isa = PBXBuildFile; fileRef = E4248A581D01E13E000FE19A /* ForgotPass.swift */; };
		E4248A5B1D01E16C000FE19A /* Register.swift in Sources */ = {isa = PBXBuildFile; fileRef = E4248A5A1D01E16C000FE19A /* Register.swift */; };
		E4286DD81D36C998003CA8AC /* CellManager.swift in Sources */ = {isa = PBXBuildFile; fileRef = E4286DD71D36C998003CA8AC /* CellManager.swift */; };
		E4697DC71D3C88D100105DB8 /* SlideshowView.swift in Sources */ = {isa = PBXBuildFile; fileRef = E4697DC61D3C88D100105DB8 /* SlideshowView.swift */; };
		E4697DC91D3C8ADC00105DB8 /* PhotoClass.swift in Sources */ = {isa = PBXBuildFile; fileRef = E4697DC81D3C8ADC00105DB8 /* PhotoClass.swift */; };
		E4779D4F1CF93A1900EE590A /* CollectionViewController.swift in Sources */ = {isa = PBXBuildFile; fileRef = E4779D4E1CF93A1900EE590A /* CollectionViewController.swift */; };
		E47B8EAC1D19A44500CE6149 /* StoryCell.swift in Sources */ = {isa = PBXBuildFile; fileRef = E47B8EAB1D19A44500CE6149 /* StoryCell.swift */; };
		E49CCB601D0BA12C006EC0FA /* Photoz.swift in Sources */ = {isa = PBXBuildFile; fileRef = E49CCB5F1D0BA12C006EC0FA /* Photoz.swift */; };
		E49CCB621D0BC1D2006EC0FA /* KeychainWrapper.swift in Sources */ = {isa = PBXBuildFile; fileRef = E49CCB611D0BC1D2006EC0FA /* KeychainWrapper.swift */; };
		E4BD3E431D0CDAF100CE91E4 /* FinalUpload.swift in Sources */ = {isa = PBXBuildFile; fileRef = E4BD3E421D0CDAF100CE91E4 /* FinalUpload.swift */; };
		E4C2F3C71D2442A400710A48 /* PopOverTableViewController.swift in Sources */ = {isa = PBXBuildFile; fileRef = E4C2F3C61D2442A400710A48 /* PopOverTableViewController.swift */; };
		E4C2F3C91D244A0200710A48 /* PopOverTableViewCell.swift in Sources */ = {isa = PBXBuildFile; fileRef = E4C2F3C81D244A0200710A48 /* PopOverTableViewCell.swift */; };
		E4D4F47C1D397796004B4957 /* online_albums.swift in Sources */ = {isa = PBXBuildFile; fileRef = E4D4F47B1D397796004B4957 /* online_albums.swift */; };
		E4D4F47E1D3978C8004B4957 /* Photo_Online.swift in Sources */ = {isa = PBXBuildFile; fileRef = E4D4F47D1D3978C8004B4957 /* Photo_Online.swift */; };
		E4E006AD1CF8B02100E351C8 /* Amatic-Bold.ttf in Resources */ = {isa = PBXBuildFile; fileRef = E4E006AA1CF8B02100E351C8 /* Amatic-Bold.ttf */; };
		E4E006AE1CF8B02100E351C8 /* AmaticSC-Regular.ttf in Resources */ = {isa = PBXBuildFile; fileRef = E4E006AB1CF8B02100E351C8 /* AmaticSC-Regular.ttf */; };
		E4E006AF1CF8B02100E351C8 /* SIL Open Font License.txt in Resources */ = {isa = PBXBuildFile; fileRef = E4E006AC1CF8B02100E351C8 /* SIL Open Font License.txt */; };
		E4E006B11CF8B6D200E351C8 /* TableViewTableViewController.swift in Sources */ = {isa = PBXBuildFile; fileRef = E4E006B01CF8B6D200E351C8 /* TableViewTableViewController.swift */; };
		E4E006B51CF8B99C00E351C8 /* TableViewCell.swift in Sources */ = {isa = PBXBuildFile; fileRef = E4E006B41CF8B99C00E351C8 /* TableViewCell.swift */; };
		E4E6FA801D18C42D0018E3A2 /* Main.storyboard in Resources */ = {isa = PBXBuildFile; fileRef = E4E6FA7F1D18C42D0018E3A2 /* Main.storyboard */; };
		E4FC819C1CFD1746007073B3 /* CollectionViewCell.swift in Sources */ = {isa = PBXBuildFile; fileRef = E4FC819B1CFD1746007073B3 /* CollectionViewCell.swift */; };
		E4FDC8DA1CF804260088E49C /* AppDelegate.swift in Sources */ = {isa = PBXBuildFile; fileRef = E4FDC8D91CF804260088E49C /* AppDelegate.swift */; };
		E4FDC8DC1CF804260088E49C /* Login.swift in Sources */ = {isa = PBXBuildFile; fileRef = E4FDC8DB1CF804260088E49C /* Login.swift */; };
		E4FDC8E21CF804260088E49C /* Image_Share.xcdatamodeld in Sources */ = {isa = PBXBuildFile; fileRef = E4FDC8E01CF804260088E49C /* Image_Share.xcdatamodeld */; };
		E4FDC8E41CF804260088E49C /* Assets.xcassets in Resources */ = {isa = PBXBuildFile; fileRef = E4FDC8E31CF804260088E49C /* Assets.xcassets */; };
		E4FDC8E71CF804260088E49C /* LaunchScreen.storyboard in Resources */ = {isa = PBXBuildFile; fileRef = E4FDC8E51CF804260088E49C /* LaunchScreen.storyboard */; };
		E4FDC8EF1CF804690088E49C /* Photos.framework in Frameworks */ = {isa = PBXBuildFile; fileRef = E4FDC8EE1CF804690088E49C /* Photos.framework */; };
		E4FDC8F11CF804720088E49C /* PhotosUI.framework in Frameworks */ = {isa = PBXBuildFile; fileRef = E4FDC8F01CF804720088E49C /* PhotosUI.framework */; };
		E4FDC8F31CF804810088E49C /* CoreImage.framework in Frameworks */ = {isa = PBXBuildFile; fileRef = E4FDC8F21CF804810088E49C /* CoreImage.framework */; };
		E4FDC8F51CF8048A0088E49C /* AssetsLibrary.framework in Frameworks */ = {isa = PBXBuildFile; fileRef = E4FDC8F41CF8048A0088E49C /* AssetsLibrary.framework */; };
		E4FDC8F71CF804980088E49C /* CoreLocation.framework in Frameworks */ = {isa = PBXBuildFile; fileRef = E4FDC8F61CF804980088E49C /* CoreLocation.framework */; };
/* End PBXBuildFile section */

/* Begin PBXFileReference section */
		2B5B92BB9103198DF306CE2B /* Pods_Image_Share.framework */ = {isa = PBXFileReference; explicitFileType = wrapper.framework; includeInIndex = 0; path = Pods_Image_Share.framework; sourceTree = BUILT_PRODUCTS_DIR; };
		333A2E5CB66B2B076CA7FBBE /* Pods-Image Share.release.xcconfig */ = {isa = PBXFileReference; includeInIndex = 1; lastKnownFileType = text.xcconfig; name = "Pods-Image Share.release.xcconfig"; path = "Pods/Target Support Files/Pods-Image Share/Pods-Image Share.release.xcconfig"; sourceTree = "<group>"; };
		A3844847E2B211CE69429701 /* Pods-Image Share.debug.xcconfig */ = {isa = PBXFileReference; includeInIndex = 1; lastKnownFileType = text.xcconfig; name = "Pods-Image Share.debug.xcconfig"; path = "Pods/Target Support Files/Pods-Image Share/Pods-Image Share.debug.xcconfig"; sourceTree = "<group>"; };
		E405F48F1D18F25900F644C4 /* mainPage.swift */ = {isa = PBXFileReference; fileEncoding = 4; lastKnownFileType = sourcecode.swift; path = mainPage.swift; sourceTree = "<group>"; };
		E418F2D81D0614DF00E84CB2 /* AccountInfo.swift */ = {isa = PBXFileReference; fileEncoding = 4; lastKnownFileType = sourcecode.swift; path = AccountInfo.swift; sourceTree = "<group>"; };
		E41986DE1D19D5C400D78E46 /* user-512.png */ = {isa = PBXFileReference; lastKnownFileType = image.png; path = "user-512.png"; sourceTree = "<group>"; };
		E4248A581D01E13E000FE19A /* ForgotPass.swift */ = {isa = PBXFileReference; fileEncoding = 4; lastKnownFileType = sourcecode.swift; path = ForgotPass.swift; sourceTree = "<group>"; };
		E4248A5A1D01E16C000FE19A /* Register.swift */ = {isa = PBXFileReference; fileEncoding = 4; lastKnownFileType = sourcecode.swift; path = Register.swift; sourceTree = "<group>"; };
		E4286DD71D36C998003CA8AC /* CellManager.swift */ = {isa = PBXFileReference; fileEncoding = 4; lastKnownFileType = sourcecode.swift; path = CellManager.swift; sourceTree = "<group>"; };
		E4697DC61D3C88D100105DB8 /* SlideshowView.swift */ = {isa = PBXFileReference; fileEncoding = 4; lastKnownFileType = sourcecode.swift; path = SlideshowView.swift; sourceTree = "<group>"; };
		E4697DC81D3C8ADC00105DB8 /* PhotoClass.swift */ = {isa = PBXFileReference; fileEncoding = 4; lastKnownFileType = sourcecode.swift; path = PhotoClass.swift; sourceTree = "<group>"; };
		E4779D4E1CF93A1900EE590A /* CollectionViewController.swift */ = {isa = PBXFileReference; fileEncoding = 4; lastKnownFileType = sourcecode.swift; path = CollectionViewController.swift; sourceTree = "<group>"; };
		E47B8EAB1D19A44500CE6149 /* StoryCell.swift */ = {isa = PBXFileReference; fileEncoding = 4; lastKnownFileType = sourcecode.swift; path = StoryCell.swift; sourceTree = "<group>"; };
		E49CCB5F1D0BA12C006EC0FA /* Photoz.swift */ = {isa = PBXFileReference; fileEncoding = 4; lastKnownFileType = sourcecode.swift; path = Photoz.swift; sourceTree = "<group>"; };
		E49CCB611D0BC1D2006EC0FA /* KeychainWrapper.swift */ = {isa = PBXFileReference; fileEncoding = 4; lastKnownFileType = sourcecode.swift; path = KeychainWrapper.swift; sourceTree = "<group>"; };
		E4BD3E421D0CDAF100CE91E4 /* FinalUpload.swift */ = {isa = PBXFileReference; fileEncoding = 4; lastKnownFileType = sourcecode.swift; path = FinalUpload.swift; sourceTree = "<group>"; };
		E4C2F3C61D2442A400710A48 /* PopOverTableViewController.swift */ = {isa = PBXFileReference; fileEncoding = 4; lastKnownFileType = sourcecode.swift; path = PopOverTableViewController.swift; sourceTree = "<group>"; };
		E4C2F3C81D244A0200710A48 /* PopOverTableViewCell.swift */ = {isa = PBXFileReference; fileEncoding = 4; lastKnownFileType = sourcecode.swift; path = PopOverTableViewCell.swift; sourceTree = "<group>"; };
		E4D4F47B1D397796004B4957 /* online_albums.swift */ = {isa = PBXFileReference; fileEncoding = 4; lastKnownFileType = sourcecode.swift; path = online_albums.swift; sourceTree = "<group>"; };
		E4D4F47D1D3978C8004B4957 /* Photo_Online.swift */ = {isa = PBXFileReference; fileEncoding = 4; lastKnownFileType = sourcecode.swift; path = Photo_Online.swift; sourceTree = "<group>"; };
		E4E006AA1CF8B02100E351C8 /* Amatic-Bold.ttf */ = {isa = PBXFileReference; lastKnownFileType = file; path = "Amatic-Bold.ttf"; sourceTree = "<group>"; };
		E4E006AB1CF8B02100E351C8 /* AmaticSC-Regular.ttf */ = {isa = PBXFileReference; lastKnownFileType = file; path = "AmaticSC-Regular.ttf"; sourceTree = "<group>"; };
		E4E006AC1CF8B02100E351C8 /* SIL Open Font License.txt */ = {isa = PBXFileReference; fileEncoding = 4; lastKnownFileType = text; path = "SIL Open Font License.txt"; sourceTree = "<group>"; };
		E4E006B01CF8B6D200E351C8 /* TableViewTableViewController.swift */ = {isa = PBXFileReference; fileEncoding = 4; lastKnownFileType = sourcecode.swift; path = TableViewTableViewController.swift; sourceTree = "<group>"; };
		E4E006B41CF8B99C00E351C8 /* TableViewCell.swift */ = {isa = PBXFileReference; fileEncoding = 4; lastKnownFileType = sourcecode.swift; path = TableViewCell.swift; sourceTree = "<group>"; };
		E4E6FA7F1D18C42D0018E3A2 /* Main.storyboard */ = {isa = PBXFileReference; fileEncoding = 4; lastKnownFileType = file.storyboard; path = Main.storyboard; sourceTree = "<group>"; };
		E4FC819B1CFD1746007073B3 /* CollectionViewCell.swift */ = {isa = PBXFileReference; fileEncoding = 4; lastKnownFileType = sourcecode.swift; path = CollectionViewCell.swift; sourceTree = "<group>"; };
		E4FDC8D61CF804260088E49C /* Image Share.app */ = {isa = PBXFileReference; explicitFileType = wrapper.application; includeInIndex = 0; path = "Image Share.app"; sourceTree = BUILT_PRODUCTS_DIR; };
		E4FDC8D91CF804260088E49C /* AppDelegate.swift */ = {isa = PBXFileReference; lastKnownFileType = sourcecode.swift; path = AppDelegate.swift; sourceTree = "<group>"; };
		E4FDC8DB1CF804260088E49C /* Login.swift */ = {isa = PBXFileReference; lastKnownFileType = sourcecode.swift; path = Login.swift; sourceTree = "<group>"; };
		E4FDC8E11CF804260088E49C /* Image_Share.xcdatamodel */ = {isa = PBXFileReference; lastKnownFileType = wrapper.xcdatamodel; path = Image_Share.xcdatamodel; sourceTree = "<group>"; };
		E4FDC8E31CF804260088E49C /* Assets.xcassets */ = {isa = PBXFileReference; lastKnownFileType = folder.assetcatalog; path = Assets.xcassets; sourceTree = "<group>"; };
		E4FDC8E61CF804260088E49C /* Base */ = {isa = PBXFileReference; lastKnownFileType = file.storyboard; name = Base; path = Base.lproj/LaunchScreen.storyboard; sourceTree = "<group>"; };
		E4FDC8E81CF804260088E49C /* Info.plist */ = {isa = PBXFileReference; lastKnownFileType = text.plist.xml; path = Info.plist; sourceTree = "<group>"; };
		E4FDC8EE1CF804690088E49C /* Photos.framework */ = {isa = PBXFileReference; lastKnownFileType = wrapper.framework; name = Photos.framework; path = System/Library/Frameworks/Photos.framework; sourceTree = SDKROOT; };
		E4FDC8F01CF804720088E49C /* PhotosUI.framework */ = {isa = PBXFileReference; lastKnownFileType = wrapper.framework; name = PhotosUI.framework; path = System/Library/Frameworks/PhotosUI.framework; sourceTree = SDKROOT; };
		E4FDC8F21CF804810088E49C /* CoreImage.framework */ = {isa = PBXFileReference; lastKnownFileType = wrapper.framework; name = CoreImage.framework; path = System/Library/Frameworks/CoreImage.framework; sourceTree = SDKROOT; };
		E4FDC8F41CF8048A0088E49C /* AssetsLibrary.framework */ = {isa = PBXFileReference; lastKnownFileType = wrapper.framework; name = AssetsLibrary.framework; path = System/Library/Frameworks/AssetsLibrary.framework; sourceTree = SDKROOT; };
		E4FDC8F61CF804980088E49C /* CoreLocation.framework */ = {isa = PBXFileReference; lastKnownFileType = wrapper.framework; name = CoreLocation.framework; path = System/Library/Frameworks/CoreLocation.framework; sourceTree = SDKROOT; };
/* End PBXFileReference section */

/* Begin PBXFrameworksBuildPhase section */
		E4FDC8D31CF804260088E49C /* Frameworks */ = {
			isa = PBXFrameworksBuildPhase;
			buildActionMask = 2147483647;
			files = (
				E4FDC8F31CF804810088E49C /* CoreImage.framework in Frameworks */,
				E4FDC8F71CF804980088E49C /* CoreLocation.framework in Frameworks */,
				E4FDC8F51CF8048A0088E49C /* AssetsLibrary.framework in Frameworks */,
				E4FDC8F11CF804720088E49C /* PhotosUI.framework in Frameworks */,
				E4FDC8EF1CF804690088E49C /* Photos.framework in Frameworks */,
				35622F715D8B2897F6D32FAC /* Pods_Image_Share.framework in Frameworks */,
			);
			runOnlyForDeploymentPostprocessing = 0;
		};
/* End PBXFrameworksBuildPhase section */

/* Begin PBXGroup section */
		7728A538A7982C11E522FC62 /* Pods */ = {
			isa = PBXGroup;
			children = (
				A3844847E2B211CE69429701 /* Pods-Image Share.debug.xcconfig */,
				333A2E5CB66B2B076CA7FBBE /* Pods-Image Share.release.xcconfig */,
			);
			name = Pods;
			sourceTree = "<group>";
		};
		C0583F2E3B4DA4F6B6968D35 /* Frameworks */ = {
			isa = PBXGroup;
			children = (
				2B5B92BB9103198DF306CE2B /* Pods_Image_Share.framework */,
			);
			name = Frameworks;
			sourceTree = "<group>";
		};
		E4FDC8CD1CF804260088E49C = {
			isa = PBXGroup;
			children = (
				E4FDC8F61CF804980088E49C /* CoreLocation.framework */,
				E4FDC8F41CF8048A0088E49C /* AssetsLibrary.framework */,
				E4FDC8F21CF804810088E49C /* CoreImage.framework */,
				E4FDC8F01CF804720088E49C /* PhotosUI.framework */,
				E4FDC8EE1CF804690088E49C /* Photos.framework */,
				E4FDC8D81CF804260088E49C /* Image Share */,
				E4FDC8D71CF804260088E49C /* Products */,
				7728A538A7982C11E522FC62 /* Pods */,
				C0583F2E3B4DA4F6B6968D35 /* Frameworks */,
			);
			sourceTree = "<group>";
		};
		E4FDC8D71CF804260088E49C /* Products */ = {
			isa = PBXGroup;
			children = (
				E4FDC8D61CF804260088E49C /* Image Share.app */,
			);
			name = Products;
			sourceTree = "<group>";
		};
		E4FDC8D81CF804260088E49C /* Image Share */ = {
			isa = PBXGroup;
			children = (
				E4FDC8D91CF804260088E49C /* AppDelegate.swift */,
				E4FDC8E31CF804260088E49C /* Assets.xcassets */,
				E41986DE1D19D5C400D78E46 /* user-512.png */,
				E4E006AA1CF8B02100E351C8 /* Amatic-Bold.ttf */,
				E4E006AB1CF8B02100E351C8 /* AmaticSC-Regular.ttf */,
				E4E006AC1CF8B02100E351C8 /* SIL Open Font License.txt */,
				E4FDC8E51CF804260088E49C /* LaunchScreen.storyboard */,
				E4FDC8DB1CF804260088E49C /* Login.swift */,
				E4FDC8E81CF804260088E49C /* Info.plist */,
				E4E6FA7F1D18C42D0018E3A2 /* Main.storyboard */,
				E4FDC8E01CF804260088E49C /* Image_Share.xcdatamodeld */,
				E4E006B01CF8B6D200E351C8 /* TableViewTableViewController.swift */,
				E4E006B41CF8B99C00E351C8 /* TableViewCell.swift */,
				E4779D4E1CF93A1900EE590A /* CollectionViewController.swift */,
				E4248A581D01E13E000FE19A /* ForgotPass.swift */,
				E4FC819B1CFD1746007073B3 /* CollectionViewCell.swift */,
				E4248A5A1D01E16C000FE19A /* Register.swift */,
				E418F2D81D0614DF00E84CB2 /* AccountInfo.swift */,
				E49CCB5F1D0BA12C006EC0FA /* Photoz.swift */,
				E49CCB611D0BC1D2006EC0FA /* KeychainWrapper.swift */,
				E4BD3E421D0CDAF100CE91E4 /* FinalUpload.swift */,
				E405F48F1D18F25900F644C4 /* mainPage.swift */,
				E47B8EAB1D19A44500CE6149 /* StoryCell.swift */,
				E4C2F3C61D2442A400710A48 /* PopOverTableViewController.swift */,
				E4C2F3C81D244A0200710A48 /* PopOverTableViewCell.swift */,
				E4286DD71D36C998003CA8AC /* CellManager.swift */,
				E4D4F47B1D397796004B4957 /* online_albums.swift */,
				E4D4F47D1D3978C8004B4957 /* Photo_Online.swift */,
				E4697DC61D3C88D100105DB8 /* SlideshowView.swift */,
				E4697DC81D3C8ADC00105DB8 /* PhotoClass.swift */,
			);
			path = "Image Share";
			sourceTree = "<group>";
		};
/* End PBXGroup section */

/* Begin PBXNativeTarget section */
		E4FDC8D51CF804260088E49C /* Image Share */ = {
			isa = PBXNativeTarget;
			buildConfigurationList = E4FDC8EB1CF804260088E49C /* Build configuration list for PBXNativeTarget "Image Share" */;
			buildPhases = (
				65A829F12E70D02845C6E2C5 /* [CP] Check Pods Manifest.lock */,
				E4FDC8D21CF804260088E49C /* Sources */,
				E4FDC8D31CF804260088E49C /* Frameworks */,
				E4FDC8D41CF804260088E49C /* Resources */,
				00519E9ADA21845D3E50B61B /* [CP] Embed Pods Frameworks */,
				276ACF15453D69F2B364E2C1 /* [CP] Copy Pods Resources */,
			);
			buildRules = (
			);
			dependencies = (
			);
			name = "Image Share";
			productName = "Image Share";
			productReference = E4FDC8D61CF804260088E49C /* Image Share.app */;
			productType = "com.apple.product-type.application";
		};
/* End PBXNativeTarget section */

/* Begin PBXProject section */
		E4FDC8CE1CF804260088E49C /* Project object */ = {
			isa = PBXProject;
			attributes = {
				LastSwiftUpdateCheck = 0730;
				LastUpgradeCheck = 0730;
				ORGANIZATIONNAME = ImageShare;
				TargetAttributes = {
					E4FDC8D51CF804260088E49C = {
						CreatedOnToolsVersion = 7.3;
						DevelopmentTeam = N6Q274HNZV;
					};
				};
			};
			buildConfigurationList = E4FDC8D11CF804260088E49C /* Build configuration list for PBXProject "Image Share" */;
			compatibilityVersion = "Xcode 3.2";
			developmentRegion = English;
			hasScannedForEncodings = 0;
			knownRegions = (
				en,
				Base,
			);
			mainGroup = E4FDC8CD1CF804260088E49C;
			productRefGroup = E4FDC8D71CF804260088E49C /* Products */;
			projectDirPath = "";
			projectRoot = "";
			targets = (
				E4FDC8D51CF804260088E49C /* Image Share */,
			);
		};
/* End PBXProject section */

/* Begin PBXResourcesBuildPhase section */
		E4FDC8D41CF804260088E49C /* Resources */ = {
			isa = PBXResourcesBuildPhase;
			buildActionMask = 2147483647;
			files = (
				E4E006AE1CF8B02100E351C8 /* AmaticSC-Regular.ttf in Resources */,
				E4E006AD1CF8B02100E351C8 /* Amatic-Bold.ttf in Resources */,
				E4FDC8E71CF804260088E49C /* LaunchScreen.storyboard in Resources */,
				E4E6FA801D18C42D0018E3A2 /* Main.storyboard in Resources */,
				E4E006AF1CF8B02100E351C8 /* SIL Open Font License.txt in Resources */,
				E41986DF1D19D5C400D78E46 /* user-512.png in Resources */,
				E4FDC8E41CF804260088E49C /* Assets.xcassets in Resources */,
			);
			runOnlyForDeploymentPostprocessing = 0;
		};
/* End PBXResourcesBuildPhase section */

/* Begin PBXShellScriptBuildPhase section */
		00519E9ADA21845D3E50B61B /* [CP] Embed Pods Frameworks */ = {
			isa = PBXShellScriptBuildPhase;
			buildActionMask = 2147483647;
			files = (
			);
			inputPaths = (
			);
			name = "[CP] Embed Pods Frameworks";
			outputPaths = (
			);
			runOnlyForDeploymentPostprocessing = 0;
			shellPath = /bin/sh;
			shellScript = "\"${SRCROOT}/Pods/Target Support Files/Pods-Image Share/Pods-Image Share-frameworks.sh\"\n";
			showEnvVarsInLog = 0;
		};
		276ACF15453D69F2B364E2C1 /* [CP] Copy Pods Resources */ = {
			isa = PBXShellScriptBuildPhase;
			buildActionMask = 2147483647;
			files = (
			);
			inputPaths = (
			);
			name = "[CP] Copy Pods Resources";
			outputPaths = (
			);
			runOnlyForDeploymentPostprocessing = 0;
			shellPath = /bin/sh;
			shellScript = "\"${SRCROOT}/Pods/Target Support Files/Pods-Image Share/Pods-Image Share-resources.sh\"\n";
			showEnvVarsInLog = 0;
		};
		65A829F12E70D02845C6E2C5 /* [CP] Check Pods Manifest.lock */ = {
			isa = PBXShellScriptBuildPhase;
			buildActionMask = 2147483647;
			files = (
			);
			inputPaths = (
			);
			name = "[CP] Check Pods Manifest.lock";
			outputPaths = (
			);
			runOnlyForDeploymentPostprocessing = 0;
			shellPath = /bin/sh;
			shellScript = "diff \"${PODS_ROOT}/../Podfile.lock\" \"${PODS_ROOT}/Manifest.lock\" > /dev/null\nif [[ $? != 0 ]] ; then\n    cat << EOM\nerror: The sandbox is not in sync with the Podfile.lock. Run 'pod install' or update your CocoaPods installation.\nEOM\n    exit 1\nfi\n";
			showEnvVarsInLog = 0;
		};
/* End PBXShellScriptBuildPhase section */

/* Begin PBXSourcesBuildPhase section */
		E4FDC8D21CF804260088E49C /* Sources */ = {
			isa = PBXSourcesBuildPhase;
			buildActionMask = 2147483647;
			files = (
				E4779D4F1CF93A1900EE590A /* CollectionViewController.swift in Sources */,
				E4697DC91D3C8ADC00105DB8 /* PhotoClass.swift in Sources */,
				E4D4F47C1D397796004B4957 /* online_albums.swift in Sources */,
				E4286DD81D36C998003CA8AC /* CellManager.swift in Sources */,
				E4D4F47E1D3978C8004B4957 /* Photo_Online.swift in Sources */,
				E4E006B51CF8B99C00E351C8 /* TableViewCell.swift in Sources */,
				E4FDC8DC1CF804260088E49C /* Login.swift in Sources */,
				E4248A5B1D01E16C000FE19A /* Register.swift in Sources */,
				E4248A591D01E13E000FE19A /* ForgotPass.swift in Sources */,
				E49CCB601D0BA12C006EC0FA /* Photoz.swift in Sources */,
				E4FC819C1CFD1746007073B3 /* CollectionViewCell.swift in Sources */,
				E4BD3E431D0CDAF100CE91E4 /* FinalUpload.swift in Sources */,
				E4FDC8DA1CF804260088E49C /* AppDelegate.swift in Sources */,
				E4C2F3C91D244A0200710A48 /* PopOverTableViewCell.swift in Sources */,
				E418F2D91D0614DF00E84CB2 /* AccountInfo.swift in Sources */,
				E4C2F3C71D2442A400710A48 /* PopOverTableViewController.swift in Sources */,
				E405F4901D18F25900F644C4 /* mainPage.swift in Sources */,
				E4FDC8E21CF804260088E49C /* Image_Share.xcdatamodeld in Sources */,
				E4E006B11CF8B6D200E351C8 /* TableViewTableViewController.swift in Sources */,
				E49CCB621D0BC1D2006EC0FA /* KeychainWrapper.swift in Sources */,
				E4697DC71D3C88D100105DB8 /* SlideshowView.swift in Sources */,
				E47B8EAC1D19A44500CE6149 /* StoryCell.swift in Sources */,
			);
			runOnlyForDeploymentPostprocessing = 0;
		};
/* End PBXSourcesBuildPhase section */

/* Begin PBXVariantGroup section */
		E4FDC8E51CF804260088E49C /* LaunchScreen.storyboard */ = {
			isa = PBXVariantGroup;
			children = (
				E4FDC8E61CF804260088E49C /* Base */,
			);
			name = LaunchScreen.storyboard;
			sourceTree = "<group>";
		};
/* End PBXVariantGroup section */

/* Begin XCBuildConfiguration section */
		E4FDC8E91CF804260088E49C /* Debug */ = {
			isa = XCBuildConfiguration;
			buildSettings = {
				ALWAYS_SEARCH_USER_PATHS = NO;
				CLANG_ANALYZER_NONNULL = YES;
				CLANG_CXX_LANGUAGE_STANDARD = "gnu++0x";
				CLANG_CXX_LIBRARY = "libc++";
				CLANG_ENABLE_MODULES = YES;
				CLANG_ENABLE_OBJC_ARC = YES;
				CLANG_WARN_BOOL_CONVERSION = YES;
				CLANG_WARN_CONSTANT_CONVERSION = YES;
				CLANG_WARN_DIRECT_OBJC_ISA_USAGE = YES_ERROR;
				CLANG_WARN_EMPTY_BODY = YES;
				CLANG_WARN_ENUM_CONVERSION = YES;
				CLANG_WARN_INT_CONVERSION = YES;
				CLANG_WARN_OBJC_ROOT_CLASS = YES_ERROR;
				CLANG_WARN_UNREACHABLE_CODE = YES;
				CLANG_WARN__DUPLICATE_METHOD_MATCH = YES;
				"CODE_SIGN_IDENTITY[sdk=iphoneos*]" = "iPhone Developer";
				COPY_PHASE_STRIP = NO;
				DEBUG_INFORMATION_FORMAT = dwarf;
				ENABLE_STRICT_OBJC_MSGSEND = YES;
				ENABLE_TESTABILITY = YES;
				GCC_C_LANGUAGE_STANDARD = gnu99;
				GCC_DYNAMIC_NO_PIC = NO;
				GCC_NO_COMMON_BLOCKS = YES;
				GCC_OPTIMIZATION_LEVEL = 0;
				GCC_PREPROCESSOR_DEFINITIONS = (
					"DEBUG=1",
					"$(inherited)",
				);
				GCC_WARN_64_TO_32_BIT_CONVERSION = YES;
				GCC_WARN_ABOUT_RETURN_TYPE = YES_ERROR;
				GCC_WARN_UNDECLARED_SELECTOR = YES;
				GCC_WARN_UNINITIALIZED_AUTOS = YES_AGGRESSIVE;
				GCC_WARN_UNUSED_FUNCTION = YES;
				GCC_WARN_UNUSED_VARIABLE = YES;
				IPHONEOS_DEPLOYMENT_TARGET = 9.3;
				MTL_ENABLE_DEBUG_INFO = YES;
				ONLY_ACTIVE_ARCH = YES;
				SDKROOT = iphoneos;
				SWIFT_OPTIMIZATION_LEVEL = "-Onone";
			};
			name = Debug;
		};
		E4FDC8EA1CF804260088E49C /* Release */ = {
			isa = XCBuildConfiguration;
			buildSettings = {
				ALWAYS_SEARCH_USER_PATHS = NO;
				CLANG_ANALYZER_NONNULL = YES;
				CLANG_CXX_LANGUAGE_STANDARD = "gnu++0x";
				CLANG_CXX_LIBRARY = "libc++";
				CLANG_ENABLE_MODULES = YES;
				CLANG_ENABLE_OBJC_ARC = YES;
				CLANG_WARN_BOOL_CONVERSION = YES;
				CLANG_WARN_CONSTANT_CONVERSION = YES;
				CLANG_WARN_DIRECT_OBJC_ISA_USAGE = YES_ERROR;
				CLANG_WARN_EMPTY_BODY = YES;
				CLANG_WARN_ENUM_CONVERSION = YES;
				CLANG_WARN_INT_CONVERSION = YES;
				CLANG_WARN_OBJC_ROOT_CLASS = YES_ERROR;
				CLANG_WARN_UNREACHABLE_CODE = YES;
				CLANG_WARN__DUPLICATE_METHOD_MATCH = YES;
				"CODE_SIGN_IDENTITY[sdk=iphoneos*]" = "iPhone Developer";
				COPY_PHASE_STRIP = NO;
				DEBUG_INFORMATION_FORMAT = "dwarf-with-dsym";
				ENABLE_NS_ASSERTIONS = NO;
				ENABLE_STRICT_OBJC_MSGSEND = YES;
				GCC_C_LANGUAGE_STANDARD = gnu99;
				GCC_NO_COMMON_BLOCKS = YES;
				GCC_WARN_64_TO_32_BIT_CONVERSION = YES;
				GCC_WARN_ABOUT_RETURN_TYPE = YES_ERROR;
				GCC_WARN_UNDECLARED_SELECTOR = YES;
				GCC_WARN_UNINITIALIZED_AUTOS = YES_AGGRESSIVE;
				GCC_WARN_UNUSED_FUNCTION = YES;
				GCC_WARN_UNUSED_VARIABLE = YES;
				IPHONEOS_DEPLOYMENT_TARGET = 9.3;
				MTL_ENABLE_DEBUG_INFO = NO;
				SDKROOT = iphoneos;
				VALIDATE_PRODUCT = YES;
			};
			name = Release;
		};
		E4FDC8EC1CF804260088E49C /* Debug */ = {
			isa = XCBuildConfiguration;
			baseConfigurationReference = A3844847E2B211CE69429701 /* Pods-Image Share.debug.xcconfig */;
			buildSettings = {
				ASSETCATALOG_COMPILER_APPICON_NAME = AppIcon;
				CLANG_ENABLE_MODULES = YES;
				INFOPLIST_FILE = "Image Share/Info.plist";
				IPHONEOS_DEPLOYMENT_TARGET = 8.0;
				LD_RUNPATH_SEARCH_PATHS = "$(inherited) @executable_path/Frameworks";
				PRODUCT_BUNDLE_IDENTIFIER = "ImageShare.Image-Share";
				PRODUCT_NAME = "$(TARGET_NAME)";
				SWIFT_OPTIMIZATION_LEVEL = "-Onone";
				TARGETED_DEVICE_FAMILY = 1;
			};
			name = Debug;
		};
		E4FDC8ED1CF804260088E49C /* Release */ = {
			isa = XCBuildConfiguration;
			baseConfigurationReference = 333A2E5CB66B2B076CA7FBBE /* Pods-Image Share.release.xcconfig */;
			buildSettings = {
				ASSETCATALOG_COMPILER_APPICON_NAME = AppIcon;
				CLANG_ENABLE_MODULES = YES;
				INFOPLIST_FILE = "Image Share/Info.plist";
				IPHONEOS_DEPLOYMENT_TARGET = 8.0;
				LD_RUNPATH_SEARCH_PATHS = "$(inherited) @executable_path/Frameworks";
				PRODUCT_BUNDLE_IDENTIFIER = "ImageShare.Image-Share";
				PRODUCT_NAME = "$(TARGET_NAME)";
				TARGETED_DEVICE_FAMILY = 1;
			};
			name = Release;
		};
/* End XCBuildConfiguration section */

/* Begin XCConfigurationList section */
		E4FDC8D11CF804260088E49C /* Build configuration list for PBXProject "Image Share" */ = {
			isa = XCConfigurationList;
			buildConfigurations = (
				E4FDC8E91CF804260088E49C /* Debug */,
				E4FDC8EA1CF804260088E49C /* Release */,
			);
			defaultConfigurationIsVisible = 0;
			defaultConfigurationName = Release;
		};
		E4FDC8EB1CF804260088E49C /* Build configuration list for PBXNativeTarget "Image Share" */ = {
			isa = XCConfigurationList;
			buildConfigurations = (
				E4FDC8EC1CF804260088E49C /* Debug */,
				E4FDC8ED1CF804260088E49C /* Release */,
			);
			defaultConfigurationIsVisible = 0;
			defaultConfigurationName = Release;
		};
/* End XCConfigurationList section */

/* Begin XCVersionGroup section */
		E4FDC8E01CF804260088E49C /* Image_Share.xcdatamodeld */ = {
			isa = XCVersionGroup;
			children = (
				E4FDC8E11CF804260088E49C /* Image_Share.xcdatamodel */,
			);
			currentVersion = E4FDC8E11CF804260088E49C /* Image_Share.xcdatamodel */;
			path = Image_Share.xcdatamodeld;
			sourceTree = "<group>";
			versionGroupType = wrapper.xcdatamodel;
		};
/* End XCVersionGroup section */
	};
	rootObject = E4FDC8CE1CF804260088E49C /* Project object */;
}
